
Microsoft Visual Studio Solution File, Format Version 12.00
# Visual Studio 15
Project("{2150E333-8FDC-42A3-9474-1A3956D46DE8}") = "01.Classes", "01.Classes", "{41300F58-4F26-4D76-9882-5771EF091D3F}"
EndProject
Project("{2150E333-8FDC-42A3-9474-1A3956D46DE8}") = "02.Abstraction", "02.Abstraction", "{06B0A1B0-18F5-48C3-B237-A08A89CDCE61}"
EndProject
Project("{2150E333-8FDC-42A3-9474-1A3956D46DE8}") = "03.Encapsulation", "03.Encapsulation", "{2A136965-252D-4845-987A-6C3F7701642C}"
EndProject
Project("{2150E333-8FDC-42A3-9474-1A3956D46DE8}") = "04.Inheritance", "04.Inheritance", "{5B6EAC0A-ED31-45E3-AE88-07E447AADC1D}"
EndProject
Project("{2150E333-8FDC-42A3-9474-1A3956D46DE8}") = "05.Interfaces", "05.Interfaces", "{C366F17A-5B38-4F1A-B4BB-AE4683D77196}"
EndProject
Project("{2150E333-8FDC-42A3-9474-1A3956D46DE8}") = "06.Polymorphism", "06.Polymorphism", "{8CBC6F38-E56D-472D-B5AC-34B4CAB04B4A}"
	ProjectSection(SolutionItems) = preProject
		20.AbstractClasses\CheckingAccount.cs = 20.AbstractClasses\CheckingAccount.cs
	EndProjectSection
EndProject
Project("{FAE04EC0-301F-11D3-BF4B-00C04F79EFBC}") = "04.ClassSeparation", "04.ClassSeparation\04.ClassSeparation.csproj", "{743AC2C2-4391-4C0B-AF75-339DB515B90A}"
EndProject
Project("{FAE04EC0-301F-11D3-BF4B-00C04F79EFBC}") = "01.DefiningClasses", "01.DefiningClasses\01.DefiningClasses.csproj", "{497103A7-EE7B-45D6-A432-2BA945042B49}"
EndProject
Project("{FAE04EC0-301F-11D3-BF4B-00C04F79EFBC}") = "02.Constructors", "01.DefiningClasses\02.Constructors\02.Constructors.csproj", "{0E2A76AE-1CEB-48DE-A0FF-10E4FE3E8E42}"
EndProject
Project("{FAE04EC0-301F-11D3-BF4B-00C04F79EFBC}") = "03.Methods", "01.DefiningClasses\03.Methods\03.Methods.csproj", "{EAD5ED21-F6BA-4483-BE4B-A6C4DC555BB3}"
EndProject
Project("{FAE04EC0-301F-11D3-BF4B-00C04F79EFBC}") = "05.BaseConstructors", "04.ClassSeparation\05.BaseConstructors\05.BaseConstructors.csproj", "{ABF9C523-A073-4B41-811C-A06658CAB572}"
EndProject
Project("{FAE04EC0-301F-11D3-BF4B-00C04F79EFBC}") = "06.Override", "04.ClassSeparation\06.Override\06.Override.csproj", "{21661154-3169-48A3-BCB8-FC846C3B4AAB}"
EndProject
Project("{FAE04EC0-301F-11D3-BF4B-00C04F79EFBC}") = "07.EncapsulateFields", "07.EncapsulateFields\07.EncapsulateFields.csproj", "{53E07142-474A-427A-A943-C9FEC6931B70}"
EndProject
Project("{FAE04EC0-301F-11D3-BF4B-00C04F79EFBC}") = "08.GettersSetters", "07.EncapsulateFields\08.GettersSetters\08.GettersSetters.csproj", "{FEAE7C3D-7F1F-4AE1-9CB8-9EC89C9103F3}"
EndProject
Project("{FAE04EC0-301F-11D3-BF4B-00C04F79EFBC}") = "09.Validation", "07.EncapsulateFields\09.Validation\09.Validation.csproj", "{BD118C36-EA86-4D83-BCDD-C3965ADA4C00}"
EndProject
Project("{FAE04EC0-301F-11D3-BF4B-00C04F79EFBC}") = "10.EncapsulateLogic", "07.EncapsulateFields\10.EncapsulateLogic\10.EncapsulateLogic.csproj", "{E5C1CC18-86CF-4A89-B7F0-36932B21C0E7}"
EndProject
Project("{FAE04EC0-301F-11D3-BF4B-00C04F79EFBC}") = "11.SingleInheritance", "11.SingleInheritance\11.SingleInheritance.csproj", "{D3F75604-5143-4649-87D5-212D59C352F4}"
EndProject
Project("{FAE04EC0-301F-11D3-BF4B-00C04F79EFBC}") = "13.HierarchicalInheritance", "11.SingleInheritance\13.HierarchicalInheritance\13.HierarchicalInheritance.csproj", "{0F2F6A0B-9A09-46E3-9AC8-FE76FCDBDF6F}"
EndProject
Project("{FAE04EC0-301F-11D3-BF4B-00C04F79EFBC}") = "14.ImplementingInterfaces", "14.ImplementingInterfaces\14.ImplementingInterfaces.csproj", "{3062FFF3-3416-428C-8BE0-703A3D810B99}"
EndProject
Project("{FAE04EC0-301F-11D3-BF4B-00C04F79EFBC}") = "15.InterfacesAs", "14.ImplementingInterfaces\15.InterfacesAs\15.InterfacesAs.csproj", "{75545950-CF01-4290-8894-48D8ACE20317}"
EndProject
Project("{FAE04EC0-301F-11D3-BF4B-00C04F79EFBC}") = "16.InterfacesIs", "14.ImplementingInterfaces\16.InterfacesIs\16.InterfacesIs.csproj", "{9ED53451-2644-465A-B5E8-DD5CF6BFB7B3}"
EndProject
Project("{9344BDBB-3E7F-41FC-A0DD-8665D75EE146}") = "12.MultipleInheritance", "11.SingleInheritance\12.MultipleInheritance\12.MultipleInheritance.csproj", "{286208A9-4179-4E8E-B04C-E961A5E85C74}"
EndProject
Project("{FAE04EC0-301F-11D3-BF4B-00C04F79EFBC}") = "17.InterfacesAsArguments", "14.ImplementingInterfaces\17.InterfacesAsArguments\17.InterfacesAsArguments.csproj", "{1266C518-5DDF-4CB3-845D-17AE2EC7F543}"
EndProject
Project("{FAE04EC0-301F-11D3-BF4B-00C04F79EFBC}") = "18.InterfacesAsReturnTypes", "14.ImplementingInterfaces\18.InterfacesAsReturnTypes\18.InterfacesAsReturnTypes.csproj", "{545B0B31-E6A2-47C3-BF54-D4C31FCD7E07}"
EndProject
Project("{FAE04EC0-301F-11D3-BF4B-00C04F79EFBC}") = "19.InterfaceArrays", "14.ImplementingInterfaces\19.InterfaceArrays\19.InterfaceArrays.csproj", "{3203B24E-4EB1-4CDE-BAD6-862296B96C5A}"
EndProject
Project("{FAE04EC0-301F-11D3-BF4B-00C04F79EFBC}") = "20.AbstractClasses", "20.AbstractClasses\20.AbstractClasses.csproj", "{10A5FCB5-ED0B-437C-BA85-7FD625A38AA7}"
EndProject
Global
	GlobalSection(SolutionConfigurationPlatforms) = preSolution
		Debug|Any CPU = Debug|Any CPU
		Release|Any CPU = Release|Any CPU
	EndGlobalSection
	GlobalSection(ProjectConfigurationPlatforms) = postSolution
		{743AC2C2-4391-4C0B-AF75-339DB515B90A}.Debug|Any CPU.ActiveCfg = Debug|Any CPU
		{743AC2C2-4391-4C0B-AF75-339DB515B90A}.Debug|Any CPU.Build.0 = Debug|Any CPU
		{743AC2C2-4391-4C0B-AF75-339DB515B90A}.Release|Any CPU.ActiveCfg = Release|Any CPU
		{743AC2C2-4391-4C0B-AF75-339DB515B90A}.Release|Any CPU.Build.0 = Release|Any CPU
		{497103A7-EE7B-45D6-A432-2BA945042B49}.Debug|Any CPU.ActiveCfg = Debug|Any CPU
		{497103A7-EE7B-45D6-A432-2BA945042B49}.Debug|Any CPU.Build.0 = Debug|Any CPU
		{497103A7-EE7B-45D6-A432-2BA945042B49}.Release|Any CPU.ActiveCfg = Release|Any CPU
		{497103A7-EE7B-45D6-A432-2BA945042B49}.Release|Any CPU.Build.0 = Release|Any CPU
		{0E2A76AE-1CEB-48DE-A0FF-10E4FE3E8E42}.Debug|Any CPU.ActiveCfg = Debug|Any CPU
		{0E2A76AE-1CEB-48DE-A0FF-10E4FE3E8E42}.Debug|Any CPU.Build.0 = Debug|Any CPU
		{0E2A76AE-1CEB-48DE-A0FF-10E4FE3E8E42}.Release|Any CPU.ActiveCfg = Release|Any CPU
		{0E2A76AE-1CEB-48DE-A0FF-10E4FE3E8E42}.Release|Any CPU.Build.0 = Release|Any CPU
		{EAD5ED21-F6BA-4483-BE4B-A6C4DC555BB3}.Debug|Any CPU.ActiveCfg = Debug|Any CPU
		{EAD5ED21-F6BA-4483-BE4B-A6C4DC555BB3}.Debug|Any CPU.Build.0 = Debug|Any CPU
		{EAD5ED21-F6BA-4483-BE4B-A6C4DC555BB3}.Release|Any CPU.ActiveCfg = Release|Any CPU
		{EAD5ED21-F6BA-4483-BE4B-A6C4DC555BB3}.Release|Any CPU.Build.0 = Release|Any CPU
		{ABF9C523-A073-4B41-811C-A06658CAB572}.Debug|Any CPU.ActiveCfg = Debug|Any CPU
		{ABF9C523-A073-4B41-811C-A06658CAB572}.Debug|Any CPU.Build.0 = Debug|Any CPU
		{ABF9C523-A073-4B41-811C-A06658CAB572}.Release|Any CPU.ActiveCfg = Release|Any CPU
		{ABF9C523-A073-4B41-811C-A06658CAB572}.Release|Any CPU.Build.0 = Release|Any CPU
		{21661154-3169-48A3-BCB8-FC846C3B4AAB}.Debug|Any CPU.ActiveCfg = Debug|Any CPU
		{21661154-3169-48A3-BCB8-FC846C3B4AAB}.Debug|Any CPU.Build.0 = Debug|Any CPU
		{21661154-3169-48A3-BCB8-FC846C3B4AAB}.Release|Any CPU.ActiveCfg = Release|Any CPU
		{21661154-3169-48A3-BCB8-FC846C3B4AAB}.Release|Any CPU.Build.0 = Release|Any CPU
		{53E07142-474A-427A-A943-C9FEC6931B70}.Debug|Any CPU.ActiveCfg = Debug|Any CPU
		{53E07142-474A-427A-A943-C9FEC6931B70}.Debug|Any CPU.Build.0 = Debug|Any CPU
		{53E07142-474A-427A-A943-C9FEC6931B70}.Release|Any CPU.ActiveCfg = Release|Any CPU
		{53E07142-474A-427A-A943-C9FEC6931B70}.Release|Any CPU.Build.0 = Release|Any CPU
		{FEAE7C3D-7F1F-4AE1-9CB8-9EC89C9103F3}.Debug|Any CPU.ActiveCfg = Debug|Any CPU
		{FEAE7C3D-7F1F-4AE1-9CB8-9EC89C9103F3}.Debug|Any CPU.Build.0 = Debug|Any CPU
		{FEAE7C3D-7F1F-4AE1-9CB8-9EC89C9103F3}.Release|Any CPU.ActiveCfg = Release|Any CPU
		{FEAE7C3D-7F1F-4AE1-9CB8-9EC89C9103F3}.Release|Any CPU.Build.0 = Release|Any CPU
		{BD118C36-EA86-4D83-BCDD-C3965ADA4C00}.Debug|Any CPU.ActiveCfg = Debug|Any CPU
		{BD118C36-EA86-4D83-BCDD-C3965ADA4C00}.Debug|Any CPU.Build.0 = Debug|Any CPU
		{BD118C36-EA86-4D83-BCDD-C3965ADA4C00}.Release|Any CPU.ActiveCfg = Release|Any CPU
		{BD118C36-EA86-4D83-BCDD-C3965ADA4C00}.Release|Any CPU.Build.0 = Release|Any CPU
		{E5C1CC18-86CF-4A89-B7F0-36932B21C0E7}.Debug|Any CPU.ActiveCfg = Debug|Any CPU
		{E5C1CC18-86CF-4A89-B7F0-36932B21C0E7}.Debug|Any CPU.Build.0 = Debug|Any CPU
		{E5C1CC18-86CF-4A89-B7F0-36932B21C0E7}.Release|Any CPU.ActiveCfg = Release|Any CPU
		{E5C1CC18-86CF-4A89-B7F0-36932B21C0E7}.Release|Any CPU.Build.0 = Release|Any CPU
		{D3F75604-5143-4649-87D5-212D59C352F4}.Debug|Any CPU.ActiveCfg = Debug|Any CPU
		{D3F75604-5143-4649-87D5-212D59C352F4}.Debug|Any CPU.Build.0 = Debug|Any CPU
		{D3F75604-5143-4649-87D5-212D59C352F4}.Release|Any CPU.ActiveCfg = Release|Any CPU
		{D3F75604-5143-4649-87D5-212D59C352F4}.Release|Any CPU.Build.0 = Release|Any CPU
		{0F2F6A0B-9A09-46E3-9AC8-FE76FCDBDF6F}.Debug|Any CPU.ActiveCfg = Debug|Any CPU
		{0F2F6A0B-9A09-46E3-9AC8-FE76FCDBDF6F}.Debug|Any CPU.Build.0 = Debug|Any CPU
		{0F2F6A0B-9A09-46E3-9AC8-FE76FCDBDF6F}.Release|Any CPU.ActiveCfg = Release|Any CPU
		{0F2F6A0B-9A09-46E3-9AC8-FE76FCDBDF6F}.Release|Any CPU.Build.0 = Release|Any CPU
		{3062FFF3-3416-428C-8BE0-703A3D810B99}.Debug|Any CPU.ActiveCfg = Debug|Any CPU
		{3062FFF3-3416-428C-8BE0-703A3D810B99}.Debug|Any CPU.Build.0 = Debug|Any CPU
		{3062FFF3-3416-428C-8BE0-703A3D810B99}.Release|Any CPU.ActiveCfg = Release|Any CPU
		{3062FFF3-3416-428C-8BE0-703A3D810B99}.Release|Any CPU.Build.0 = Release|Any CPU
		{75545950-CF01-4290-8894-48D8ACE20317}.Debug|Any CPU.ActiveCfg = Debug|Any CPU
		{75545950-CF01-4290-8894-48D8ACE20317}.Debug|Any CPU.Build.0 = Debug|Any CPU
		{75545950-CF01-4290-8894-48D8ACE20317}.Release|Any CPU.ActiveCfg = Release|Any CPU
		{75545950-CF01-4290-8894-48D8ACE20317}.Release|Any CPU.Build.0 = Release|Any CPU
		{9ED53451-2644-465A-B5E8-DD5CF6BFB7B3}.Debug|Any CPU.ActiveCfg = Debug|Any CPU
		{9ED53451-2644-465A-B5E8-DD5CF6BFB7B3}.Debug|Any CPU.Build.0 = Debug|Any CPU
		{9ED53451-2644-465A-B5E8-DD5CF6BFB7B3}.Release|Any CPU.ActiveCfg = Release|Any CPU
		{9ED53451-2644-465A-B5E8-DD5CF6BFB7B3}.Release|Any CPU.Build.0 = Release|Any CPU
		{286208A9-4179-4E8E-B04C-E961A5E85C74}.Debug|Any CPU.ActiveCfg = Debug|Any CPU
		{286208A9-4179-4E8E-B04C-E961A5E85C74}.Debug|Any CPU.Build.0 = Debug|Any CPU
		{286208A9-4179-4E8E-B04C-E961A5E85C74}.Release|Any CPU.ActiveCfg = Release|Any CPU
		{286208A9-4179-4E8E-B04C-E961A5E85C74}.Release|Any CPU.Build.0 = Release|Any CPU
		{1266C518-5DDF-4CB3-845D-17AE2EC7F543}.Debug|Any CPU.ActiveCfg = Debug|Any CPU
		{1266C518-5DDF-4CB3-845D-17AE2EC7F543}.Debug|Any CPU.Build.0 = Debug|Any CPU
		{1266C518-5DDF-4CB3-845D-17AE2EC7F543}.Release|Any CPU.ActiveCfg = Release|Any CPU
		{1266C518-5DDF-4CB3-845D-17AE2EC7F543}.Release|Any CPU.Build.0 = Release|Any CPU
		{545B0B31-E6A2-47C3-BF54-D4C31FCD7E07}.Debug|Any CPU.ActiveCfg = Debug|Any CPU
		{545B0B31-E6A2-47C3-BF54-D4C31FCD7E07}.Debug|Any CPU.Build.0 = Debug|Any CPU
		{545B0B31-E6A2-47C3-BF54-D4C31FCD7E07}.Release|Any CPU.ActiveCfg = Release|Any CPU
		{545B0B31-E6A2-47C3-BF54-D4C31FCD7E07}.Release|Any CPU.Build.0 = Release|Any CPU
		{3203B24E-4EB1-4CDE-BAD6-862296B96C5A}.Debug|Any CPU.ActiveCfg = Debug|Any CPU
		{3203B24E-4EB1-4CDE-BAD6-862296B96C5A}.Debug|Any CPU.Build.0 = Debug|Any CPU
		{3203B24E-4EB1-4CDE-BAD6-862296B96C5A}.Release|Any CPU.ActiveCfg = Release|Any CPU
		{3203B24E-4EB1-4CDE-BAD6-862296B96C5A}.Release|Any CPU.Build.0 = Release|Any CPU
		{10A5FCB5-ED0B-437C-BA85-7FD625A38AA7}.Debug|Any CPU.ActiveCfg = Debug|Any CPU
		{10A5FCB5-ED0B-437C-BA85-7FD625A38AA7}.Debug|Any CPU.Build.0 = Debug|Any CPU
		{10A5FCB5-ED0B-437C-BA85-7FD625A38AA7}.Release|Any CPU.ActiveCfg = Release|Any CPU
		{10A5FCB5-ED0B-437C-BA85-7FD625A38AA7}.Release|Any CPU.Build.0 = Release|Any CPU
	EndGlobalSection
	GlobalSection(NestedProjects) = preSolution
		{743AC2C2-4391-4C0B-AF75-339DB515B90A} = {06B0A1B0-18F5-48C3-B237-A08A89CDCE61}
		{497103A7-EE7B-45D6-A432-2BA945042B49} = {41300F58-4F26-4D76-9882-5771EF091D3F}
		{0E2A76AE-1CEB-48DE-A0FF-10E4FE3E8E42} = {41300F58-4F26-4D76-9882-5771EF091D3F}
		{EAD5ED21-F6BA-4483-BE4B-A6C4DC555BB3} = {41300F58-4F26-4D76-9882-5771EF091D3F}
		{ABF9C523-A073-4B41-811C-A06658CAB572} = {06B0A1B0-18F5-48C3-B237-A08A89CDCE61}
		{21661154-3169-48A3-BCB8-FC846C3B4AAB} = {06B0A1B0-18F5-48C3-B237-A08A89CDCE61}
		{53E07142-474A-427A-A943-C9FEC6931B70} = {2A136965-252D-4845-987A-6C3F7701642C}
		{FEAE7C3D-7F1F-4AE1-9CB8-9EC89C9103F3} = {2A136965-252D-4845-987A-6C3F7701642C}
		{BD118C36-EA86-4D83-BCDD-C3965ADA4C00} = {2A136965-252D-4845-987A-6C3F7701642C}
		{E5C1CC18-86CF-4A89-B7F0-36932B21C0E7} = {2A136965-252D-4845-987A-6C3F7701642C}
		{D3F75604-5143-4649-87D5-212D59C352F4} = {5B6EAC0A-ED31-45E3-AE88-07E447AADC1D}
		{0F2F6A0B-9A09-46E3-9AC8-FE76FCDBDF6F} = {5B6EAC0A-ED31-45E3-AE88-07E447AADC1D}
		{3062FFF3-3416-428C-8BE0-703A3D810B99} = {C366F17A-5B38-4F1A-B4BB-AE4683D77196}
		{75545950-CF01-4290-8894-48D8ACE20317} = {C366F17A-5B38-4F1A-B4BB-AE4683D77196}
		{9ED53451-2644-465A-B5E8-DD5CF6BFB7B3} = {C366F17A-5B38-4F1A-B4BB-AE4683D77196}
		{286208A9-4179-4E8E-B04C-E961A5E85C74} = {5B6EAC0A-ED31-45E3-AE88-07E447AADC1D}
		{1266C518-5DDF-4CB3-845D-17AE2EC7F543} = {C366F17A-5B38-4F1A-B4BB-AE4683D77196}
		{545B0B31-E6A2-47C3-BF54-D4C31FCD7E07} = {C366F17A-5B38-4F1A-B4BB-AE4683D77196}
		{3203B24E-4EB1-4CDE-BAD6-862296B96C5A} = {C366F17A-5B38-4F1A-B4BB-AE4683D77196}
		{10A5FCB5-ED0B-437C-BA85-7FD625A38AA7} = {8CBC6F38-E56D-472D-B5AC-34B4CAB04B4A}
	EndGlobalSection
EndGlobal
